// !$*UTF8*$!
{
	archiveVersion = 1;
	classes = {
	};
	objectVersion = 46;
	objects = {

/* Begin PBXBuildFile section */
		BD552A1718E9C7940061B53A /* JENCustomNodeView.m in Sources */ = {isa = PBXBuildFile; fileRef = BD552A1618E9C7940061B53A /* JENCustomNodeView.m */; };
		BD552A1A18E9D58A0061B53A /* JENCustomDecorationView.m in Sources */ = {isa = PBXBuildFile; fileRef = BD552A1918E9D58A0061B53A /* JENCustomDecorationView.m */; };
		BD8BC57718DF58F400399E38 /* Foundation.framework in Frameworks */ = {isa = PBXBuildFile; fileRef = BD8BC57618DF58F400399E38 /* Foundation.framework */; };
		BD8BC57918DF58F400399E38 /* CoreGraphics.framework in Frameworks */ = {isa = PBXBuildFile; fileRef = BD8BC57818DF58F400399E38 /* CoreGraphics.framework */; };
		BD8BC57B18DF58F400399E38 /* UIKit.framework in Frameworks */ = {isa = PBXBuildFile; fileRef = BD8BC57A18DF58F400399E38 /* UIKit.framework */; };
		BD8BC58118DF58F400399E38 /* InfoPlist.strings in Resources */ = {isa = PBXBuildFile; fileRef = BD8BC57F18DF58F400399E38 /* InfoPlist.strings */; };
		BD8BC58318DF58F400399E38 /* main.m in Sources */ = {isa = PBXBuildFile; fileRef = BD8BC58218DF58F400399E38 /* main.m */; };
		BD8BC58718DF58F400399E38 /* JENAppDelegate.m in Sources */ = {isa = PBXBuildFile; fileRef = BD8BC58618DF58F400399E38 /* JENAppDelegate.m */; };
		BD8BC58A18DF58F400399E38 /* Main_iPhone.storyboard in Resources */ = {isa = PBXBuildFile; fileRef = BD8BC58818DF58F400399E38 /* Main_iPhone.storyboard */; };
		BD8BC58D18DF58F400399E38 /* Main_iPad.storyboard in Resources */ = {isa = PBXBuildFile; fileRef = BD8BC58B18DF58F400399E38 /* Main_iPad.storyboard */; };
		BD8BC59018DF58F400399E38 /* JENViewController.m in Sources */ = {isa = PBXBuildFile; fileRef = BD8BC58F18DF58F400399E38 /* JENViewController.m */; };
		BD8BC59218DF58F400399E38 /* Images.xcassets in Resources */ = {isa = PBXBuildFile; fileRef = BD8BC59118DF58F400399E38 /* Images.xcassets */; };
		BD8BC59918DF58F500399E38 /* XCTest.framework in Frameworks */ = {isa = PBXBuildFile; fileRef = BD8BC59818DF58F500399E38 /* XCTest.framework */; };
		BD8BC59A18DF58F500399E38 /* Foundation.framework in Frameworks */ = {isa = PBXBuildFile; fileRef = BD8BC57618DF58F400399E38 /* Foundation.framework */; };
		BD8BC59B18DF58F500399E38 /* UIKit.framework in Frameworks */ = {isa = PBXBuildFile; fileRef = BD8BC57A18DF58F400399E38 /* UIKit.framework */; };
		BD8BC5B818DF595A00399E38 /* JENDefaultNodeView.m in Sources */ = {isa = PBXBuildFile; fileRef = BD8BC5B018DF595A00399E38 /* JENDefaultNodeView.m */; };
		BD8BC5B918DF595A00399E38 /* JENDefaultDecorationView.m in Sources */ = {isa = PBXBuildFile; fileRef = BD8BC5B218DF595A00399E38 /* JENDefaultDecorationView.m */; };
		BD8BC5BA18DF595A00399E38 /* JENSubtreeView.m in Sources */ = {isa = PBXBuildFile; fileRef = BD8BC5B418DF595A00399E38 /* JENSubtreeView.m */; };
		BD8BC5BB18DF595A00399E38 /* JENTreeView.m in Sources */ = {isa = PBXBuildFile; fileRef = BD8BC5B618DF595A00399E38 /* JENTreeView.m */; };
		BD8BC5BE18DF5C3D00399E38 /* JENNode.m in Sources */ = {isa = PBXBuildFile; fileRef = BD8BC5BD18DF5C3D00399E38 /* JENNode.m */; };
/* End PBXBuildFile section */

/* Begin PBXContainerItemProxy section */
		BD8BC59C18DF58F500399E38 /* PBXContainerItemProxy */ = {
			isa = PBXContainerItemProxy;
			containerPortal = BD8BC56B18DF58F400399E38 /* Project object */;
			proxyType = 1;
			remoteGlobalIDString = BD8BC57218DF58F400399E38;
			remoteInfo = Example;
		};
/* End PBXContainerItemProxy section */

/* Begin PBXFileReference section */
		BD552A1518E9C7940061B53A /* JENCustomNodeView.h */ = {isa = PBXFileReference; fileEncoding = 4; lastKnownFileType = sourcecode.c.h; path = JENCustomNodeView.h; sourceTree = "<group>"; };
		BD552A1618E9C7940061B53A /* JENCustomNodeView.m */ = {isa = PBXFileReference; fileEncoding = 4; lastKnownFileType = sourcecode.c.objc; path = JENCustomNodeView.m; sourceTree = "<group>"; };
		BD552A1818E9D58A0061B53A /* JENCustomDecorationView.h */ = {isa = PBXFileReference; fileEncoding = 4; lastKnownFileType = sourcecode.c.h; path = JENCustomDecorationView.h; sourceTree = "<group>"; };
		BD552A1918E9D58A0061B53A /* JENCustomDecorationView.m */ = {isa = PBXFileReference; fileEncoding = 4; lastKnownFileType = sourcecode.c.objc; path = JENCustomDecorationView.m; sourceTree = "<group>"; };
		BD552A1B18E9DA8A0061B53A /* JENDecorationView.h */ = {isa = PBXFileReference; lastKnownFileType = sourcecode.c.h; path = JENDecorationView.h; sourceTree = "<group>"; };
		BD8BC57318DF58F400399E38 /* Example.app */ = {isa = PBXFileReference; explicitFileType = wrapper.application; includeInIndex = 0; path = Example.app; sourceTree = BUILT_PRODUCTS_DIR; };
		BD8BC57618DF58F400399E38 /* Foundation.framework */ = {isa = PBXFileReference; lastKnownFileType = wrapper.framework; name = Foundation.framework; path = System/Library/Frameworks/Foundation.framework; sourceTree = SDKROOT; };
		BD8BC57818DF58F400399E38 /* CoreGraphics.framework */ = {isa = PBXFileReference; lastKnownFileType = wrapper.framework; name = CoreGraphics.framework; path = System/Library/Frameworks/CoreGraphics.framework; sourceTree = SDKROOT; };
		BD8BC57A18DF58F400399E38 /* UIKit.framework */ = {isa = PBXFileReference; lastKnownFileType = wrapper.framework; name = UIKit.framework; path = System/Library/Frameworks/UIKit.framework; sourceTree = SDKROOT; };
		BD8BC57E18DF58F400399E38 /* Example-Info.plist */ = {isa = PBXFileReference; lastKnownFileType = text.plist.xml; path = "Example-Info.plist"; sourceTree = "<group>"; };
		BD8BC58018DF58F400399E38 /* en */ = {isa = PBXFileReference; lastKnownFileType = text.plist.strings; name = en; path = en.lproj/InfoPlist.strings; sourceTree = "<group>"; };
		BD8BC58218DF58F400399E38 /* main.m */ = {isa = PBXFileReference; lastKnownFileType = sourcecode.c.objc; path = main.m; sourceTree = "<group>"; };
		BD8BC58418DF58F400399E38 /* Example-Prefix.pch */ = {isa = PBXFileReference; lastKnownFileType = sourcecode.c.h; path = "Example-Prefix.pch"; sourceTree = "<group>"; };
		BD8BC58518DF58F400399E38 /* JENAppDelegate.h */ = {isa = PBXFileReference; lastKnownFileType = sourcecode.c.h; path = JENAppDelegate.h; sourceTree = "<group>"; };
		BD8BC58618DF58F400399E38 /* JENAppDelegate.m */ = {isa = PBXFileReference; lastKnownFileType = sourcecode.c.objc; path = JENAppDelegate.m; sourceTree = "<group>"; };
		BD8BC58918DF58F400399E38 /* Base */ = {isa = PBXFileReference; lastKnownFileType = file.storyboard; name = Base; path = Base.lproj/Main_iPhone.storyboard; sourceTree = "<group>"; };
		BD8BC58C18DF58F400399E38 /* Base */ = {isa = PBXFileReference; lastKnownFileType = file.storyboard; name = Base; path = Base.lproj/Main_iPad.storyboard; sourceTree = "<group>"; };
		BD8BC58E18DF58F400399E38 /* JENViewController.h */ = {isa = PBXFileReference; lastKnownFileType = sourcecode.c.h; path = JENViewController.h; sourceTree = "<group>"; };
		BD8BC58F18DF58F400399E38 /* JENViewController.m */ = {isa = PBXFileReference; lastKnownFileType = sourcecode.c.objc; path = JENViewController.m; sourceTree = "<group>"; };
		BD8BC59118DF58F400399E38 /* Images.xcassets */ = {isa = PBXFileReference; lastKnownFileType = folder.assetcatalog; path = Images.xcassets; sourceTree = "<group>"; };
		BD8BC59718DF58F500399E38 /* ExampleTests.xctest */ = {isa = PBXFileReference; explicitFileType = wrapper.cfbundle; includeInIndex = 0; path = ExampleTests.xctest; sourceTree = BUILT_PRODUCTS_DIR; };
		BD8BC59818DF58F500399E38 /* XCTest.framework */ = {isa = PBXFileReference; lastKnownFileType = wrapper.framework; name = XCTest.framework; path = Library/Frameworks/XCTest.framework; sourceTree = DEVELOPER_DIR; };
		BD8BC5AF18DF595A00399E38 /* JENDefaultNodeView.h */ = {isa = PBXFileReference; fileEncoding = 4; lastKnownFileType = sourcecode.c.h; path = JENDefaultNodeView.h; sourceTree = "<group>"; };
		BD8BC5B018DF595A00399E38 /* JENDefaultNodeView.m */ = {isa = PBXFileReference; fileEncoding = 4; lastKnownFileType = sourcecode.c.objc; path = JENDefaultNodeView.m; sourceTree = "<group>"; };
		BD8BC5B118DF595A00399E38 /* JENDefaultDecorationView.h */ = {isa = PBXFileReference; fileEncoding = 4; lastKnownFileType = sourcecode.c.h; path = JENDefaultDecorationView.h; sourceTree = "<group>"; };
		BD8BC5B218DF595A00399E38 /* JENDefaultDecorationView.m */ = {isa = PBXFileReference; fileEncoding = 4; lastKnownFileType = sourcecode.c.objc; path = JENDefaultDecorationView.m; sourceTree = "<group>"; };
		BD8BC5B318DF595A00399E38 /* JENSubtreeView.h */ = {isa = PBXFileReference; fileEncoding = 4; lastKnownFileType = sourcecode.c.h; path = JENSubtreeView.h; sourceTree = "<group>"; };
		BD8BC5B418DF595A00399E38 /* JENSubtreeView.m */ = {isa = PBXFileReference; fileEncoding = 4; lastKnownFileType = sourcecode.c.objc; path = JENSubtreeView.m; sourceTree = "<group>"; };
		BD8BC5B518DF595A00399E38 /* JENTreeView.h */ = {isa = PBXFileReference; fileEncoding = 4; lastKnownFileType = sourcecode.c.h; path = JENTreeView.h; sourceTree = "<group>"; };
		BD8BC5B618DF595A00399E38 /* JENTreeView.m */ = {isa = PBXFileReference; fileEncoding = 4; lastKnownFileType = sourcecode.c.objc; path = JENTreeView.m; sourceTree = "<group>"; };
		BD8BC5B718DF595A00399E38 /* JENTreeViewModelNode.h */ = {isa = PBXFileReference; fileEncoding = 4; lastKnownFileType = sourcecode.c.h; path = JENTreeViewModelNode.h; sourceTree = "<group>"; };
		BD8BC5BC18DF5C3D00399E38 /* JENNode.h */ = {isa = PBXFileReference; fileEncoding = 4; lastKnownFileType = sourcecode.c.h; path = JENNode.h; sourceTree = "<group>"; };
		BD8BC5BD18DF5C3D00399E38 /* JENNode.m */ = {isa = PBXFileReference; fileEncoding = 4; lastKnownFileType = sourcecode.c.objc; path = JENNode.m; sourceTree = "<group>"; };
/* End PBXFileReference section */

/* Begin PBXFrameworksBuildPhase section */
		BD8BC57018DF58F400399E38 /* Frameworks */ = {
			isa = PBXFrameworksBuildPhase;
			buildActionMask = 2147483647;
			files = (
				BD8BC57918DF58F400399E38 /* CoreGraphics.framework in Frameworks */,
				BD8BC57B18DF58F400399E38 /* UIKit.framework in Frameworks */,
				BD8BC57718DF58F400399E38 /* Foundation.framework in Frameworks */,
			);
			runOnlyForDeploymentPostprocessing = 0;
		};
		BD8BC59418DF58F500399E38 /* Frameworks */ = {
			isa = PBXFrameworksBuildPhase;
			buildActionMask = 2147483647;
			files = (
				BD8BC59918DF58F500399E38 /* XCTest.framework in Frameworks */,
				BD8BC59B18DF58F500399E38 /* UIKit.framework in Frameworks */,
				BD8BC59A18DF58F500399E38 /* Foundation.framework in Frameworks */,
			);
			runOnlyForDeploymentPostprocessing = 0;
		};
/* End PBXFrameworksBuildPhase section */

/* Begin PBXGroup section */
		BD552A1C18E9F68F0061B53A /* Default Views */ = {
			isa = PBXGroup;
			children = (
				BD8BC5AF18DF595A00399E38 /* JENDefaultNodeView.h */,
				BD8BC5B018DF595A00399E38 /* JENDefaultNodeView.m */,
				BD8BC5B118DF595A00399E38 /* JENDefaultDecorationView.h */,
				BD8BC5B218DF595A00399E38 /* JENDefaultDecorationView.m */,
			);
			name = "Default Views";
			sourceTree = "<group>";
		};
		BD8BC56A18DF58F400399E38 = {
			isa = PBXGroup;
			children = (
				BD8BC5AE18DF595A00399E38 /* JENTreeView */,
				BD8BC57C18DF58F400399E38 /* Classes */,
				BD8BC57518DF58F400399E38 /* Frameworks */,
				BD8BC57418DF58F400399E38 /* Products */,
			);
			sourceTree = "<group>";
		};
		BD8BC57418DF58F400399E38 /* Products */ = {
			isa = PBXGroup;
			children = (
				BD8BC57318DF58F400399E38 /* Example.app */,
				BD8BC59718DF58F500399E38 /* ExampleTests.xctest */,
			);
			name = Products;
			sourceTree = "<group>";
		};
		BD8BC57518DF58F400399E38 /* Frameworks */ = {
			isa = PBXGroup;
			children = (
				BD8BC57618DF58F400399E38 /* Foundation.framework */,
				BD8BC57818DF58F400399E38 /* CoreGraphics.framework */,
				BD8BC57A18DF58F400399E38 /* UIKit.framework */,
				BD8BC59818DF58F500399E38 /* XCTest.framework */,
			);
			name = Frameworks;
			sourceTree = "<group>";
		};
		BD8BC57C18DF58F400399E38 /* Classes */ = {
			isa = PBXGroup;
			children = (
				BD8BC58518DF58F400399E38 /* JENAppDelegate.h */,
				BD8BC58618DF58F400399E38 /* JENAppDelegate.m */,
				BD8BC58E18DF58F400399E38 /* JENViewController.h */,
				BD8BC58F18DF58F400399E38 /* JENViewController.m */,
				BD8BC5BC18DF5C3D00399E38 /* JENNode.h */,
				BD8BC5BD18DF5C3D00399E38 /* JENNode.m */,
				BD552A1518E9C7940061B53A /* JENCustomNodeView.h */,
				BD552A1618E9C7940061B53A /* JENCustomNodeView.m */,
				BD552A1818E9D58A0061B53A /* JENCustomDecorationView.h */,
				BD552A1918E9D58A0061B53A /* JENCustomDecorationView.m */,
				BD8BC58818DF58F400399E38 /* Main_iPhone.storyboard */,
				BD8BC58B18DF58F400399E38 /* Main_iPad.storyboard */,
				BD8BC59118DF58F400399E38 /* Images.xcassets */,
				BD8BC57D18DF58F400399E38 /* Supporting Files */,
			);
			name = Classes;
			path = Example;
			sourceTree = "<group>";
		};
		BD8BC57D18DF58F400399E38 /* Supporting Files */ = {
			isa = PBXGroup;
			children = (
				BD8BC57E18DF58F400399E38 /* Example-Info.plist */,
				BD8BC57F18DF58F400399E38 /* InfoPlist.strings */,
				BD8BC58218DF58F400399E38 /* main.m */,
				BD8BC58418DF58F400399E38 /* Example-Prefix.pch */,
			);
			name = "Supporting Files";
			sourceTree = "<group>";
		};
		BD8BC5AE18DF595A00399E38 /* JENTreeView */ = {
			isa = PBXGroup;
			children = (
				BD552A1C18E9F68F0061B53A /* Default Views */,
				BD8BC5B318DF595A00399E38 /* JENSubtreeView.h */,
				BD8BC5B418DF595A00399E38 /* JENSubtreeView.m */,
				BD8BC5B518DF595A00399E38 /* JENTreeView.h */,
				BD8BC5B618DF595A00399E38 /* JENTreeView.m */,
				BD8BC5B718DF595A00399E38 /* JENTreeViewModelNode.h */,
				BD552A1B18E9DA8A0061B53A /* JENDecorationView.h */,
			);
			name = JENTreeView;
			path = ../JENTreeView;
			sourceTree = "<group>";
		};
/* End PBXGroup section */

/* Begin PBXNativeTarget section */
		BD8BC57218DF58F400399E38 /* Example */ = {
			isa = PBXNativeTarget;
			buildConfigurationList = BD8BC5A818DF58F500399E38 /* Build configuration list for PBXNativeTarget "Example" */;
			buildPhases = (
				BD8BC56F18DF58F400399E38 /* Sources */,
				BD8BC57018DF58F400399E38 /* Frameworks */,
				BD8BC57118DF58F400399E38 /* Resources */,
			);
			buildRules = (
			);
			dependencies = (
			);
			name = Example;
			productName = Example;
			productReference = BD8BC57318DF58F400399E38 /* Example.app */;
			productType = "com.apple.product-type.application";
		};
		BD8BC59618DF58F500399E38 /* ExampleTests */ = {
			isa = PBXNativeTarget;
			buildConfigurationList = BD8BC5AB18DF58F500399E38 /* Build configuration list for PBXNativeTarget "ExampleTests" */;
			buildPhases = (
				BD8BC59318DF58F500399E38 /* Sources */,
				BD8BC59418DF58F500399E38 /* Frameworks */,
				BD8BC59518DF58F500399E38 /* Resources */,
			);
			buildRules = (
			);
			dependencies = (
				BD8BC59D18DF58F500399E38 /* PBXTargetDependency */,
			);
			name = ExampleTests;
			productName = ExampleTests;
			productReference = BD8BC59718DF58F500399E38 /* ExampleTests.xctest */;
			productType = "com.apple.product-type.bundle.unit-test";
		};
/* End PBXNativeTarget section */

/* Begin PBXProject section */
		BD8BC56B18DF58F400399E38 /* Project object */ = {
			isa = PBXProject;
			attributes = {
				CLASSPREFIX = JEN;
				LastUpgradeCheck = 0500;
				ORGANIZATIONNAME = "Jennifer Nordwall";
				TargetAttributes = {
					BD8BC59618DF58F500399E38 = {
						TestTargetID = BD8BC57218DF58F400399E38;
					};
				};
			};
			buildConfigurationList = BD8BC56E18DF58F400399E38 /* Build configuration list for PBXProject "Example" */;
			compatibilityVersion = "Xcode 3.2";
			developmentRegion = English;
			hasScannedForEncodings = 0;
			knownRegions = (
				en,
				Base,
			);
			mainGroup = BD8BC56A18DF58F400399E38;
			productRefGroup = BD8BC57418DF58F400399E38 /* Products */;
			projectDirPath = "";
			projectRoot = "";
			targets = (
				BD8BC57218DF58F400399E38 /* Example */,
				BD8BC59618DF58F500399E38 /* ExampleTests */,
			);
		};
/* End PBXProject section */

/* Begin PBXResourcesBuildPhase section */
		BD8BC57118DF58F400399E38 /* Resources */ = {
			isa = PBXResourcesBuildPhase;
			buildActionMask = 2147483647;
			files = (
				BD8BC58D18DF58F400399E38 /* Main_iPad.storyboard in Resources */,
				BD8BC59218DF58F400399E38 /* Images.xcassets in Resources */,
				BD8BC58A18DF58F400399E38 /* Main_iPhone.storyboard in Resources */,
				BD8BC58118DF58F400399E38 /* InfoPlist.strings in Resources */,
			);
			runOnlyForDeploymentPostprocessing = 0;
		};
		BD8BC59518DF58F500399E38 /* Resources */ = {
			isa = PBXResourcesBuildPhase;
			buildActionMask = 2147483647;
			files = (
			);
			runOnlyForDeploymentPostprocessing = 0;
		};
/* End PBXResourcesBuildPhase section */

/* Begin PBXSourcesBuildPhase section */
		BD8BC56F18DF58F400399E38 /* Sources */ = {
			isa = PBXSourcesBuildPhase;
			buildActionMask = 2147483647;
			files = (
				BD8BC58718DF58F400399E38 /* JENAppDelegate.m in Sources */,
				BD8BC5BA18DF595A00399E38 /* JENSubtreeView.m in Sources */,
				BD8BC5B918DF595A00399E38 /* JENDefaultDecorationView.m in Sources */,
				BD8BC59018DF58F400399E38 /* JENViewController.m in Sources */,
				BD8BC5BB18DF595A00399E38 /* JENTreeView.m in Sources */,
				BD8BC5B818DF595A00399E38 /* JENDefaultNodeView.m in Sources */,
				BD8BC58318DF58F400399E38 /* main.m in Sources */,
				BD552A1A18E9D58A0061B53A /* JENCustomDecorationView.m in Sources */,
				BD8BC5BE18DF5C3D00399E38 /* JENNode.m in Sources */,
				BD552A1718E9C7940061B53A /* JENCustomNodeView.m in Sources */,
			);
			runOnlyForDeploymentPostprocessing = 0;
		};
		BD8BC59318DF58F500399E38 /* Sources */ = {
			isa = PBXSourcesBuildPhase;
			buildActionMask = 2147483647;
			files = (
			);
			runOnlyForDeploymentPostprocessing = 0;
		};
/* End PBXSourcesBuildPhase section */

/* Begin PBXTargetDependency section */
		BD8BC59D18DF58F500399E38 /* PBXTargetDependency */ = {
			isa = PBXTargetDependency;
			target = BD8BC57218DF58F400399E38 /* Example */;
			targetProxy = BD8BC59C18DF58F500399E38 /* PBXContainerItemProxy */;
		};
/* End PBXTargetDependency section */

/* Begin PBXVariantGroup section */
		BD8BC57F18DF58F400399E38 /* InfoPlist.strings */ = {
			isa = PBXVariantGroup;
			children = (
				BD8BC58018DF58F400399E38 /* en */,
			);
			name = InfoPlist.strings;
			sourceTree = "<group>";
		};
		BD8BC58818DF58F400399E38 /* Main_iPhone.storyboard */ = {
			isa = PBXVariantGroup;
			children = (
				BD8BC58918DF58F400399E38 /* Base */,
			);
			name = Main_iPhone.storyboard;
			sourceTree = "<group>";
		};
		BD8BC58B18DF58F400399E38 /* Main_iPad.storyboard */ = {
			isa = PBXVariantGroup;
			children = (
				BD8BC58C18DF58F400399E38 /* Base */,
			);
			name = Main_iPad.storyboard;
			sourceTree = "<group>";
		};
/* End PBXVariantGroup section */

/* Begin XCBuildConfiguration section */
		BD8BC5A618DF58F500399E38 /* Debug */ = {
			isa = XCBuildConfiguration;
			buildSettings = {
				ALWAYS_SEARCH_USER_PATHS = NO;
				ARCHS = "$(ARCHS_STANDARD_INCLUDING_64_BIT)";
				CLANG_CXX_LANGUAGE_STANDARD = "gnu++0x";
				CLANG_CXX_LIBRARY = "libc++";
				CLANG_ENABLE_MODULES = YES;
				CLANG_ENABLE_OBJC_ARC = YES;
				CLANG_WARN_BOOL_CONVERSION = YES;
				CLANG_WARN_CONSTANT_CONVERSION = YES;
				CLANG_WARN_DIRECT_OBJC_ISA_USAGE = YES_ERROR;
				CLANG_WARN_EMPTY_BODY = YES;
				CLANG_WARN_ENUM_CONVERSION = YES;
				CLANG_WARN_INT_CONVERSION = YES;
				CLANG_WARN_OBJC_ROOT_CLASS = YES_ERROR;
				CLANG_WARN__DUPLICATE_METHOD_MATCH = YES;
				"CODE_SIGN_IDENTITY[sdk=iphoneos*]" = "iPhone Developer";
				COPY_PHASE_STRIP = NO;
				GCC_C_LANGUAGE_STANDARD = gnu99;
				GCC_DYNAMIC_NO_PIC = NO;
				GCC_OPTIMIZATION_LEVEL = 0;
				GCC_PREPROCESSOR_DEFINITIONS = (
					"DEBUG=1",
					"$(inherited)",
				);
				GCC_SYMBOLS_PRIVATE_EXTERN = NO;
				GCC_WARN_64_TO_32_BIT_CONVERSION = YES;
				GCC_WARN_ABOUT_RETURN_TYPE = YES_ERROR;
				GCC_WARN_UNDECLARED_SELECTOR = YES;
				GCC_WARN_UNINITIALIZED_AUTOS = YES;
				GCC_WARN_UNUSED_FUNCTION = YES;
				GCC_WARN_UNUSED_VARIABLE = YES;
				IPHONEOS_DEPLOYMENT_TARGET = 7.0;
				ONLY_ACTIVE_ARCH = YES;
				SDKROOT = iphoneos;
				TARGETED_DEVICE_FAMILY = "1,2";
			};
			name = Debug;
		};
		BD8BC5A718DF58F500399E38 /* Release */ = {
			isa = XCBuildConfiguration;
			buildSettings = {
				ALWAYS_SEARCH_USER_PATHS = NO;
				ARCHS = "$(ARCHS_STANDARD_INCLUDING_64_BIT)";
				CLANG_CXX_LANGUAGE_STANDARD = "gnu++0x";
				CLANG_CXX_LIBRARY = "libc++";
				CLANG_ENABLE_MODULES = YES;
				CLANG_ENABLE_OBJC_ARC = YES;
				CLANG_WARN_BOOL_CONVERSION = YES;
				CLANG_WARN_CONSTANT_CONVERSION = YES;
				CLANG_WARN_DIRECT_OBJC_ISA_USAGE = YES_ERROR;
				CLANG_WARN_EMPTY_BODY = YES;
				CLANG_WARN_ENUM_CONVERSION = YES;
				CLANG_WARN_INT_CONVERSION = YES;
				CLANG_WARN_OBJC_ROOT_CLASS = YES_ERROR;
				CLANG_WARN__DUPLICATE_METHOD_MATCH = YES;
				"CODE_SIGN_IDENTITY[sdk=iphoneos*]" = "iPhone Developer";
				COPY_PHASE_STRIP = YES;
				ENABLE_NS_ASSERTIONS = NO;
				GCC_C_LANGUAGE_STANDARD = gnu99;
				GCC_WARN_64_TO_32_BIT_CONVERSION = YES;
				GCC_WARN_ABOUT_RETURN_TYPE = YES_ERROR;
				GCC_WARN_UNDECLARED_SELECTOR = YES;
				GCC_WARN_UNINITIALIZED_AUTOS = YES;
				GCC_WARN_UNUSED_FUNCTION = YES;
				GCC_WARN_UNUSED_VARIABLE = YES;
				IPHONEOS_DEPLOYMENT_TARGET = 7.0;
				SDKROOT = iphoneos;
				TARGETED_DEVICE_FAMILY = "1,2";
				VALIDATE_PRODUCT = YES;
			};
			name = Release;
		};
		BD8BC5A918DF58F500399E38 /* Debug */ = {
			isa = XCBuildConfiguration;
			buildSettings = {
				ASSETCATALOG_COMPILER_APPICON_NAME = AppIcon;
				ASSETCATALOG_COMPILER_LAUNCHIMAGE_NAME = LaunchImage;
				GCC_PRECOMPILE_PREFIX_HEADER = YES;
				GCC_PREFIX_HEADER = "Example/Example-Prefix.pch";
				INFOPLIST_FILE = "Example/Example-Info.plist";
				PRODUCT_NAME = "$(TARGET_NAME)";
				WRAPPER_EXTENSION = app;
			};
			name = Debug;
		};
		BD8BC5AA18DF58F500399E38 /* Release */ = {
			isa = XCBuildConfiguration;
			buildSettings = {
				ASSETCATALOG_COMPILER_APPICON_NAME = AppIcon;
				ASSETCATALOG_COMPILER_LAUNCHIMAGE_NAME = LaunchImage;
				GCC_PRECOMPILE_PREFIX_HEADER = YES;
				GCC_PREFIX_HEADER = "Example/Example-Prefix.pch";
				INFOPLIST_FILE = "Example/Example-Info.plist";
				PRODUCT_NAME = "$(TARGET_NAME)";
				WRAPPER_EXTENSION = app;
			};
			name = Release;
		};
		BD8BC5AC18DF58F500399E38 /* Debug */ = {
			isa = XCBuildConfiguration;
			buildSettings = {
				ARCHS = "$(ARCHS_STANDARD_INCLUDING_64_BIT)";
				BUNDLE_LOADER = "$(BUILT_PRODUCTS_DIR)/Example.app/Example";
				FRAMEWORK_SEARCH_PATHS = (
					"$(SDKROOT)/Developer/Library/Frameworks",
					"$(inherited)",
					"$(DEVELOPER_FRAMEWORKS_DIR)",
				);
				GCC_PRECOMPILE_PREFIX_HEADER = YES;
				GCC_PREFIX_HEADER = "Example/Example-Prefix.pch";
				GCC_PREPROCESSOR_DEFINITIONS = (
					"DEBUG=1",
					"$(inherited)",
				);
				INFOPLIST_FILE = "ExampleTests/ExampleTests-Info.plist";
				PRODUCT_NAME = "$(TARGET_NAME)";
				TEST_HOST = "$(BUNDLE_LOADER)";
				WRAPPER_EXTENSION = xctest;
			};
			name = Debug;
		};
		BD8BC5AD18DF58F500399E38 /* Release */ = {
			isa = XCBuildConfiguration;
			buildSettings = {
				ARCHS = "$(ARCHS_STANDARD_INCLUDING_64_BIT)";
				BUNDLE_LOADER = "$(BUILT_PRODUCTS_DIR)/Example.app/Example";
				FRAMEWORK_SEARCH_PATHS = (
					"$(SDKROOT)/Developer/Library/Frameworks",
					"$(inherited)",
					"$(DEVELOPER_FRAMEWORKS_DIR)",
				);
				GCC_PRECOMPILE_PREFIX_HEADER = YES;
				GCC_PREFIX_HEADER = "Example/Example-Prefix.pch";
				INFOPLIST_FILE = "ExampleTests/ExampleTests-Info.plist";
				PRODUCT_NAME = "$(TARGET_NAME)";
				TEST_HOST = "$(BUNDLE_LOADER)";
				WRAPPER_EXTENSION = xctest;
			};
			name = Release;
		};
/* End XCBuildConfiguration section */

/* Begin XCConfigurationList section */
		BD8BC56E18DF58F400399E38 /* Build configuration list for PBXProject "Example" */ = {
			isa = XCConfigurationList;
			buildConfigurations = (
				BD8BC5A618DF58F500399E38 /* Debug */,
				BD8BC5A718DF58F500399E38 /* Release */,
			);
			defaultConfigurationIsVisible = 0;
			defaultConfigurationName = Release;
		};
		BD8BC5A818DF58F500399E38 /* Build configuration list for PBXNativeTarget "Example" */ = {
			isa = XCConfigurationList;
			buildConfigurations = (
				BD8BC5A918DF58F500399E38 /* Debug */,
				BD8BC5AA18DF58F500399E38 /* Release */,
			);
			defaultConfigurationIsVisible = 0;
			defaultConfigurationName = Release;
		};
		BD8BC5AB18DF58F500399E38 /* Build configuration list for PBXNativeTarget "ExampleTests" */ = {
			isa = XCConfigurationList;
			buildConfigurations = (
				BD8BC5AC18DF58F500399E38 /* Debug */,
				BD8BC5AD18DF58F500399E38 /* Release */,
			);
			defaultConfigurationIsVisible = 0;
			defaultConfigurationName = Release;
		};
/* End XCConfigurationList section */
	};
	rootObject = BD8BC56B18DF58F400399E38 /* Project object */;
}
